
Microsoft Visual Studio Solution File, Format Version 12.00
# Visual Studio 15
VisualStudioVersion = 15.0.27130.2027
MinimumVisualStudioVersion = 10.0.40219.1
Project("{8BC9CEB8-8B4A-11D0-8D11-00A0C91BC942}") = "EX 2 - Hori Offset", "EX 2 - Hori Offset\EX 2 - Hori Offset.vcxproj", "{C6E3D710-599D-4C67-B363-E89A99D1171D}"
EndProject
Global
	GlobalSection(SolutionConfigurationPlatforms) = preSolution
		Debug|x64 = Debug|x64
		Debug|x86 = Debug|x86
		Release|x64 = Release|x64
		Release|x86 = Release|x86
	EndGlobalSection
	GlobalSection(ProjectConfigurationPlatforms) = postSolution
		{C6E3D710-599D-4C67-B363-E89A99D1171D}.Debug|x64.ActiveCfg = Debug|x64
		{C6E3D710-599D-4C67-B363-E89A99D1171D}.Debug|x64.Build.0 = Debug|x64
		{C6E3D710-599D-4C67-B363-E89A99D1171D}.Debug|x86.ActiveCfg = Debug|Win32
		{C6E3D710-599D-4C67-B363-E89A99D1171D}.Debug|x86.Build.0 = Debug|Win32
		{C6E3D710-599D-4C67-B363-E89A99D1171D}.Release|x64.ActiveCfg = Release|x64
		{C6E3D710-599D-4C67-B363-E89A99D1171D}.Release|x64.Build.0 = Release|x64
		{C6E3D710-599D-4C67-B363-E89A99D1171D}.Release|x86.ActiveCfg = Release|Win32
		{C6E3D710-599D-4C67-B363-E89A99D1171D}.Release|x86.Build.0 = Release|Win32
	EndGlobalSection
	GlobalSection(SolutionProperties) = preSolution
		HideSolutionNode = FALSE
	EndGlobalSection
	GlobalSection(ExtensibilityGlobals) = postSolution
		SolutionGuid = {2C5B8B2D-736A-40BB-A649-248359FFA83F}
	EndGlobalSection
EndGlobal
